
Microsoft Visual Studio Solution File, Format Version 12.00
# Visual Studio 15
VisualStudioVersion = 15.0.26124.0
MinimumVisualStudioVersion = 15.0.26124.0
Project("{FAE04EC0-301F-11D3-BF4B-00C04F79EFBC}") = "MyPrimerWebApi", "BibliotecaWebApi\MyPrimerWebApi.csproj", "{E33B05A2-03F8-4F61-9BE1-A5AE50D55D2A}"
EndProject
Project("{FAE04EC0-301F-11D3-BF4B-00C04F79EFBC}") = "PruebasAutomaticas", "Pruebas\PruebasAutomaticas.csproj", "{D7D29303-FE51-4231-ABFB-DA0F959A00D1}"
EndProject
Global
	GlobalSection(SolutionConfigurationPlatforms) = preSolution
		Debug|Any CPU = Debug|Any CPU
		Debug|x64 = Debug|x64
		Debug|x86 = Debug|x86
		Release|Any CPU = Release|Any CPU
		Release|x64 = Release|x64
		Release|x86 = Release|x86
	EndGlobalSection
	GlobalSection(SolutionProperties) = preSolution
		HideSolutionNode = FALSE
	EndGlobalSection
	GlobalSection(ProjectConfigurationPlatforms) = postSolution
		{E33B05A2-03F8-4F61-9BE1-A5AE50D55D2A}.Debug|Any CPU.ActiveCfg = Debug|Any CPU
		{E33B05A2-03F8-4F61-9BE1-A5AE50D55D2A}.Debug|Any CPU.Build.0 = Debug|Any CPU
		{E33B05A2-03F8-4F61-9BE1-A5AE50D55D2A}.Debug|x64.ActiveCfg = Debug|Any CPU
		{E33B05A2-03F8-4F61-9BE1-A5AE50D55D2A}.Debug|x64.Build.0 = Debug|Any CPU
		{E33B05A2-03F8-4F61-9BE1-A5AE50D55D2A}.Debug|x86.ActiveCfg = Debug|Any CPU
		{E33B05A2-03F8-4F61-9BE1-A5AE50D55D2A}.Debug|x86.Build.0 = Debug|Any CPU
		{E33B05A2-03F8-4F61-9BE1-A5AE50D55D2A}.Release|Any CPU.ActiveCfg = Release|Any CPU
		{E33B05A2-03F8-4F61-9BE1-A5AE50D55D2A}.Release|Any CPU.Build.0 = Release|Any CPU
		{E33B05A2-03F8-4F61-9BE1-A5AE50D55D2A}.Release|x64.ActiveCfg = Release|Any CPU
		{E33B05A2-03F8-4F61-9BE1-A5AE50D55D2A}.Release|x64.Build.0 = Release|Any CPU
		{E33B05A2-03F8-4F61-9BE1-A5AE50D55D2A}.Release|x86.ActiveCfg = Release|Any CPU
		{E33B05A2-03F8-4F61-9BE1-A5AE50D55D2A}.Release|x86.Build.0 = Release|Any CPU
		{D7D29303-FE51-4231-ABFB-DA0F959A00D1}.Debug|Any CPU.ActiveCfg = Debug|Any CPU
		{D7D29303-FE51-4231-ABFB-DA0F959A00D1}.Debug|Any CPU.Build.0 = Debug|Any CPU
		{D7D29303-FE51-4231-ABFB-DA0F959A00D1}.Debug|x64.ActiveCfg = Debug|Any CPU
		{D7D29303-FE51-4231-ABFB-DA0F959A00D1}.Debug|x64.Build.0 = Debug|Any CPU
		{D7D29303-FE51-4231-ABFB-DA0F959A00D1}.Debug|x86.ActiveCfg = Debug|Any CPU
		{D7D29303-FE51-4231-ABFB-DA0F959A00D1}.Debug|x86.Build.0 = Debug|Any CPU
		{D7D29303-FE51-4231-ABFB-DA0F959A00D1}.Release|Any CPU.ActiveCfg = Release|Any CPU
		{D7D29303-FE51-4231-ABFB-DA0F959A00D1}.Release|Any CPU.Build.0 = Release|Any CPU
		{D7D29303-FE51-4231-ABFB-DA0F959A00D1}.Release|x64.ActiveCfg = Release|Any CPU
		{D7D29303-FE51-4231-ABFB-DA0F959A00D1}.Release|x64.Build.0 = Release|Any CPU
		{D7D29303-FE51-4231-ABFB-DA0F959A00D1}.Release|x86.ActiveCfg = Release|Any CPU
		{D7D29303-FE51-4231-ABFB-DA0F959A00D1}.Release|x86.Build.0 = Release|Any CPU
	EndGlobalSection
EndGlobal
